
Microsoft Visual Studio Solution File, Format Version 12.00
# Visual Studio Version 17
VisualStudioVersion = 17.0.31903.59
MinimumVisualStudioVersion = 10.0.40219.1
Project("{2150E333-8FDC-42A3-9474-1A3956D46DE8}") = "src", "src", "{A525A6F0-FAAB-4EF3-A445-71E47DCF1D4B}"
EndProject
Project("{FAE04EC0-301F-11D3-BF4B-00C04F79EFBC}") = "LocalKdc", "src\LocalKdc\LocalKdc.csproj", "{4B890A85-1FDC-4846-A1B2-AE1324DC3198}"
EndProject
Project("{2150E333-8FDC-42A3-9474-1A3956D46DE8}") = "tests", "tests", "{C24AB955-72FC-45AC-8C85-946BC672FA06}"
EndProject
Project("{FAE04EC0-301F-11D3-BF4B-00C04F79EFBC}") = "LocalKdc.Tests", "tests\LocalKdc.Tests\LocalKdc.Tests.csproj", "{898F41A6-5337-4D03-8422-83348E2FB508}"
EndProject
Global
	GlobalSection(SolutionConfigurationPlatforms) = preSolution
		Debug|Any CPU = Debug|Any CPU
		Release|Any CPU = Release|Any CPU
	EndGlobalSection
	GlobalSection(SolutionProperties) = preSolution
		HideSolutionNode = FALSE
	EndGlobalSection
	GlobalSection(ProjectConfigurationPlatforms) = postSolution
		{4B890A85-1FDC-4846-A1B2-AE1324DC3198}.Debug|Any CPU.ActiveCfg = Debug|Any CPU
		{4B890A85-1FDC-4846-A1B2-AE1324DC3198}.Debug|Any CPU.Build.0 = Debug|Any CPU
		{4B890A85-1FDC-4846-A1B2-AE1324DC3198}.Release|Any CPU.ActiveCfg = Release|Any CPU
		{4B890A85-1FDC-4846-A1B2-AE1324DC3198}.Release|Any CPU.Build.0 = Release|Any CPU
		{898F41A6-5337-4D03-8422-83348E2FB508}.Debug|Any CPU.ActiveCfg = Debug|Any CPU
		{898F41A6-5337-4D03-8422-83348E2FB508}.Debug|Any CPU.Build.0 = Debug|Any CPU
		{898F41A6-5337-4D03-8422-83348E2FB508}.Release|Any CPU.ActiveCfg = Release|Any CPU
		{898F41A6-5337-4D03-8422-83348E2FB508}.Release|Any CPU.Build.0 = Release|Any CPU
	EndGlobalSection
	GlobalSection(NestedProjects) = preSolution
		{4B890A85-1FDC-4846-A1B2-AE1324DC3198} = {A525A6F0-FAAB-4EF3-A445-71E47DCF1D4B}
		{898F41A6-5337-4D03-8422-83348E2FB508} = {C24AB955-72FC-45AC-8C85-946BC672FA06}
	EndGlobalSection
EndGlobal
